{
  "name": "remixDJ",
  "lockfileVersion": 2,
  "requires": true,
  "packages": {
    "": {
      "devDependencies": {
        "babel-plugin-react-html-attrs": "^3.0.5"
      }
    },
    "node_modules/babel-plugin-react-html-attrs": {
      "version": "3.0.5",
      "resolved": "https://registry.npmjs.org/babel-plugin-react-html-attrs/-/babel-plugin-react-html-attrs-3.0.5.tgz",
      "integrity": "sha512-o6RClilXl0T7HfVsHUE+xHV0HMBX0SzB94MMIrT52089CA6Sd4eXkY7jLHknQktFQ5UHpSXYPP0x7fUnIY97Qg==",
      "dev": true
    }
  },
  "dependencies": {
    "babel-plugin-react-html-attrs": {
      "version": "3.0.5",
      "resolved": "https://registry.npmjs.org/babel-plugin-react-html-attrs/-/babel-plugin-react-html-attrs-3.0.5.tgz",
      "integrity": "sha512-o6RClilXl0T7HfVsHUE+xHV0HMBX0SzB94MMIrT52089CA6Sd4eXkY7jLHknQktFQ5UHpSXYPP0x7fUnIY97Qg==",
      "dev": true
    }
  }
}
